
Microsoft Visual Studio Solution File, Format Version 12.00
# Visual Studio Version 17
VisualStudioVersion = 17.4.33205.214
MinimumVisualStudioVersion = 10.0.40219.1
Project("{9A19103F-16F7-4668-BE54-9A1E7A4F7556}") = "CellularAutomaton.UI.Godot", "CellularAutomaton.UI.Godot.csproj", "{42AE3ED3-5FEE-4E29-8753-2D972D914E1C}"
EndProject
Project("{9A19103F-16F7-4668-BE54-9A1E7A4F7556}") = "CellularAutomaton", "..\CellularAutomaton\CellularAutomaton.csproj", "{F9C7C3CD-A9F4-42CA-BBD5-E88B5E63D263}"
EndProject
Global
	GlobalSection(SolutionConfigurationPlatforms) = preSolution
		Debug|Any CPU = Debug|Any CPU
		ExportDebug|Any CPU = ExportDebug|Any CPU
		ExportRelease|Any CPU = ExportRelease|Any CPU
		Release|Any CPU = Release|Any CPU
	EndGlobalSection
	GlobalSection(ProjectConfigurationPlatforms) = postSolution
		{42AE3ED3-5FEE-4E29-8753-2D972D914E1C}.Debug|Any CPU.ActiveCfg = Debug|Any CPU
		{42AE3ED3-5FEE-4E29-8753-2D972D914E1C}.Debug|Any CPU.Build.0 = Debug|Any CPU
		{42AE3ED3-5FEE-4E29-8753-2D972D914E1C}.ExportDebug|Any CPU.ActiveCfg = ExportDebug|Any CPU
		{42AE3ED3-5FEE-4E29-8753-2D972D914E1C}.ExportDebug|Any CPU.Build.0 = ExportDebug|Any CPU
		{42AE3ED3-5FEE-4E29-8753-2D972D914E1C}.ExportRelease|Any CPU.ActiveCfg = ExportRelease|Any CPU
		{42AE3ED3-5FEE-4E29-8753-2D972D914E1C}.ExportRelease|Any CPU.Build.0 = ExportRelease|Any CPU
		{42AE3ED3-5FEE-4E29-8753-2D972D914E1C}.Release|Any CPU.ActiveCfg = ExportRelease|Any CPU
		{42AE3ED3-5FEE-4E29-8753-2D972D914E1C}.Release|Any CPU.Build.0 = ExportRelease|Any CPU
		{F9C7C3CD-A9F4-42CA-BBD5-E88B5E63D263}.Debug|Any CPU.ActiveCfg = Debug|Any CPU
		{F9C7C3CD-A9F4-42CA-BBD5-E88B5E63D263}.Debug|Any CPU.Build.0 = Debug|Any CPU
		{F9C7C3CD-A9F4-42CA-BBD5-E88B5E63D263}.ExportDebug|Any CPU.ActiveCfg = Debug|Any CPU
		{F9C7C3CD-A9F4-42CA-BBD5-E88B5E63D263}.ExportDebug|Any CPU.Build.0 = Debug|Any CPU
		{F9C7C3CD-A9F4-42CA-BBD5-E88B5E63D263}.ExportRelease|Any CPU.ActiveCfg = Release|Any CPU
		{F9C7C3CD-A9F4-42CA-BBD5-E88B5E63D263}.ExportRelease|Any CPU.Build.0 = Release|Any CPU
		{F9C7C3CD-A9F4-42CA-BBD5-E88B5E63D263}.Release|Any CPU.ActiveCfg = Release|Any CPU
		{F9C7C3CD-A9F4-42CA-BBD5-E88B5E63D263}.Release|Any CPU.Build.0 = Release|Any CPU
	EndGlobalSection
	GlobalSection(SolutionProperties) = preSolution
		HideSolutionNode = FALSE
	EndGlobalSection
	GlobalSection(ExtensibilityGlobals) = postSolution
		SolutionGuid = {491DF051-AF8D-4892-8138-F943F911282F}
	EndGlobalSection
EndGlobal
