
Microsoft Visual Studio Solution File, Format Version 12.00
# Visual Studio Version 17
VisualStudioVersion = 17.4.33213.308
MinimumVisualStudioVersion = 10.0.40219.1
Project("{2150E333-8FDC-42A3-9474-1A3956D46DE8}") = "solution items", "solution items", "{8ABEA7BE-2CB6-499A-A09E-7D836F189422}"
EndProject
Project("{9A19103F-16F7-4668-BE54-9A1E7A4F7556}") = "CellularAutomaton.UI.WinForms", "code\CellularAutomaton.UI.WinForms\CellularAutomaton.UI.WinForms.csproj", "{1FC72334-A318-4D1B-B072-A9BE1C19C9A2}"
EndProject
Project("{9A19103F-16F7-4668-BE54-9A1E7A4F7556}") = "CellularAutomaton", "code\CellularAutomaton\CellularAutomaton.csproj", "{B7007E9D-710D-4B81-80D7-F9DF1B8D37D9}"
EndProject
Global
	GlobalSection(SolutionConfigurationPlatforms) = preSolution
		Debug|Any CPU = Debug|Any CPU
		Release|Any CPU = Release|Any CPU
	EndGlobalSection
	GlobalSection(ProjectConfigurationPlatforms) = postSolution
		{1FC72334-A318-4D1B-B072-A9BE1C19C9A2}.Debug|Any CPU.ActiveCfg = Debug|Any CPU
		{1FC72334-A318-4D1B-B072-A9BE1C19C9A2}.Debug|Any CPU.Build.0 = Debug|Any CPU
		{1FC72334-A318-4D1B-B072-A9BE1C19C9A2}.Release|Any CPU.ActiveCfg = Release|Any CPU
		{1FC72334-A318-4D1B-B072-A9BE1C19C9A2}.Release|Any CPU.Build.0 = Release|Any CPU
		{B7007E9D-710D-4B81-80D7-F9DF1B8D37D9}.Debug|Any CPU.ActiveCfg = Debug|Any CPU
		{B7007E9D-710D-4B81-80D7-F9DF1B8D37D9}.Debug|Any CPU.Build.0 = Debug|Any CPU
		{B7007E9D-710D-4B81-80D7-F9DF1B8D37D9}.Release|Any CPU.ActiveCfg = Release|Any CPU
		{B7007E9D-710D-4B81-80D7-F9DF1B8D37D9}.Release|Any CPU.Build.0 = Release|Any CPU
	EndGlobalSection
	GlobalSection(SolutionProperties) = preSolution
		HideSolutionNode = FALSE
	EndGlobalSection
	GlobalSection(ExtensibilityGlobals) = postSolution
		SolutionGuid = {B85F3DF5-5C10-4955-88D4-8E1617E9B58C}
	EndGlobalSection
EndGlobal
